
Microsoft Visual Studio Solution File, Format Version 12.00
# Visual Studio 14
VisualStudioVersion = 14.0.25123.0
MinimumVisualStudioVersion = 10.0.40219.1
Project("{2150E333-8FDC-42A3-9474-1A3956D46DE8}") = "Framework", "Framework", "{B58D0617-C18D-495F-9413-C67E9D31F98F}"
EndProject
Project("{2150E333-8FDC-42A3-9474-1A3956D46DE8}") = "UI", "UI", "{237B2D09-EC8D-464B-B247-35404E82DC93}"
EndProject
Project("{FAE04EC0-301F-11D3-BF4B-00C04F79EFBC}") = "Agile.Attributes", "Agile.Attributes\Agile.Attributes.csproj", "{A0456B6F-CE1E-48DC-BC27-A6E038988383}"
EndProject
Project("{FAE04EC0-301F-11D3-BF4B-00C04F79EFBC}") = "Agile.Helpers", "Agile.Helpers\Agile.Helpers.csproj", "{535E896A-71FB-42A0-A79E-1225AED49489}"
EndProject
Project("{FAE04EC0-301F-11D3-BF4B-00C04F79EFBC}") = "Agile.Models", "Agile.Models\Agile.Models.csproj", "{961A023E-E40E-4C62-8851-87E6388D7F35}"
EndProject
Project("{FAE04EC0-301F-11D3-BF4B-00C04F79EFBC}") = "Agile.Dtos", "Agile.Dtos\Agile.Dtos.csproj", "{40BAE020-6862-4B12-989C-754055DE1561}"
EndProject
Project("{FAE04EC0-301F-11D3-BF4B-00C04F79EFBC}") = "database.uimoe.com", "database.uimoe.com\database.uimoe.com.csproj", "{6992F6DE-723D-4198-8848-B3590577D111}"
EndProject
Project("{FAE04EC0-301F-11D3-BF4B-00C04F79EFBC}") = "www.uimoe.com", "www.uimoe.com\www.uimoe.com.csproj", "{6C016106-6C89-4E7A-9682-EEB1235BE5D2}"
EndProject
Project("{FAE04EC0-301F-11D3-BF4B-00C04F79EFBC}") = "api.uimoe.com", "api.uimoe.com\api.uimoe.com.csproj", "{B1F00410-3E57-443E-A931-77A7D46A9D31}"
EndProject
Project("{FAE04EC0-301F-11D3-BF4B-00C04F79EFBC}") = "www.llyn23.com", "www.llyn23.com\www.llyn23.com.csproj", "{D5D9C776-699F-46E1-B4BD-99EE6E342C8C}"
EndProject
Project("{FAE04EC0-301F-11D3-BF4B-00C04F79EFBC}") = "mp.uimoe.com", "mp.uimoe.com\mp.uimoe.com.csproj", "{49C5AFE8-3B0D-4289-AF09-EB5AAC1DB280}"
EndProject
Project("{FAE04EC0-301F-11D3-BF4B-00C04F79EFBC}") = "cantonesedict.uimoe.com", "cantonesedict.uimoe.com\cantonesedict.uimoe.com.csproj", "{FA5FE476-F184-4C05-ADDF-B750BC978FC6}"
EndProject
Project("{2150E333-8FDC-42A3-9474-1A3956D46DE8}") = "WPF", "WPF", "{EBFC8D9A-B364-46B6-8641-42834367B32C}"
EndProject
Project("{FAE04EC0-301F-11D3-BF4B-00C04F79EFBC}") = "Agile.Cache", "Agile.Cache\Agile.Cache.csproj", "{B5FA12EB-1073-4A4C-821B-2B51330E47F2}"
EndProject
Project("{2150E333-8FDC-42A3-9474-1A3956D46DE8}") = "Console", "Console", "{C7365BAE-86CA-486E-AF35-65B0D98931E3}"
EndProject
Project("{FAE04EC0-301F-11D3-BF4B-00C04F79EFBC}") = "nasa.uimoe.com", "nasa.uimoe.com\nasa.uimoe.com.csproj", "{9168F2C1-608A-474B-84A9-F4B79B6F6351}"
EndProject
Project("{FAE04EC0-301F-11D3-BF4B-00C04F79EFBC}") = "ModelToSql", "ModelToSql\ModelToSql.csproj", "{C57A71C2-9BDD-4544-92F4-5B777C714201}"
EndProject
Project("{FAE04EC0-301F-11D3-BF4B-00C04F79EFBC}") = "sharp.uimoe.com", "sharp.uimoe.com\sharp.uimoe.com.csproj", "{048D6148-66E2-4F11-9558-FA1E927A36CA}"
EndProject
Project("{FAE04EC0-301F-11D3-BF4B-00C04F79EFBC}") = "Agile.SocketServer", "Agile.SocketServer\Agile.SocketServer.csproj", "{A6CB84E8-B0D9-45DC-80AA-07B32FD9E473}"
EndProject
Project("{FAE04EC0-301F-11D3-BF4B-00C04F79EFBC}") = "Agile.HttpServer", "Agile.HttpServer\Agile.HttpServer.csproj", "{837D33CE-FF0C-4BC3-B07E-F16055C1E36E}"
EndProject
Project("{FAE04EC0-301F-11D3-BF4B-00C04F79EFBC}") = "WebServer", "WebServer\WebServer.csproj", "{0958A862-7B27-4C79-AAAB-EF5640512171}"
EndProject
Project("{FAE04EC0-301F-11D3-BF4B-00C04F79EFBC}") = "haha.uimoe.com", "haha.uimoe.com\haha.uimoe.com.csproj", "{9BEFD981-5159-462D-BDB1-20F9AF97CB01}"
EndProject
Project("{FAE04EC0-301F-11D3-BF4B-00C04F79EFBC}") = "Agile.Enums", "Agile.Enums\Agile.Enums.csproj", "{7D3833F4-A345-4744-8A9D-C74EF85BEBF8}"
EndProject
Project("{FAE04EC0-301F-11D3-BF4B-00C04F79EFBC}") = "UME_Music", "UME_Music\UME_Music.csproj", "{BCC458C9-5D54-4E40-AECB-4F18B85ECB86}"
EndProject
Global
	GlobalSection(SolutionConfigurationPlatforms) = preSolution
		Debug|Any CPU = Debug|Any CPU
		Release|Any CPU = Release|Any CPU
	EndGlobalSection
	GlobalSection(ProjectConfigurationPlatforms) = postSolution
		{A0456B6F-CE1E-48DC-BC27-A6E038988383}.Debug|Any CPU.ActiveCfg = Debug|Any CPU
		{A0456B6F-CE1E-48DC-BC27-A6E038988383}.Debug|Any CPU.Build.0 = Debug|Any CPU
		{A0456B6F-CE1E-48DC-BC27-A6E038988383}.Release|Any CPU.ActiveCfg = Release|Any CPU
		{A0456B6F-CE1E-48DC-BC27-A6E038988383}.Release|Any CPU.Build.0 = Release|Any CPU
		{535E896A-71FB-42A0-A79E-1225AED49489}.Debug|Any CPU.ActiveCfg = Debug|Any CPU
		{535E896A-71FB-42A0-A79E-1225AED49489}.Debug|Any CPU.Build.0 = Debug|Any CPU
		{535E896A-71FB-42A0-A79E-1225AED49489}.Release|Any CPU.ActiveCfg = Release|Any CPU
		{535E896A-71FB-42A0-A79E-1225AED49489}.Release|Any CPU.Build.0 = Release|Any CPU
		{961A023E-E40E-4C62-8851-87E6388D7F35}.Debug|Any CPU.ActiveCfg = Debug|Any CPU
		{961A023E-E40E-4C62-8851-87E6388D7F35}.Debug|Any CPU.Build.0 = Debug|Any CPU
		{961A023E-E40E-4C62-8851-87E6388D7F35}.Release|Any CPU.ActiveCfg = Release|Any CPU
		{961A023E-E40E-4C62-8851-87E6388D7F35}.Release|Any CPU.Build.0 = Release|Any CPU
		{40BAE020-6862-4B12-989C-754055DE1561}.Debug|Any CPU.ActiveCfg = Debug|Any CPU
		{40BAE020-6862-4B12-989C-754055DE1561}.Debug|Any CPU.Build.0 = Debug|Any CPU
		{40BAE020-6862-4B12-989C-754055DE1561}.Release|Any CPU.ActiveCfg = Release|Any CPU
		{40BAE020-6862-4B12-989C-754055DE1561}.Release|Any CPU.Build.0 = Release|Any CPU
		{6992F6DE-723D-4198-8848-B3590577D111}.Debug|Any CPU.ActiveCfg = Debug|Any CPU
		{6992F6DE-723D-4198-8848-B3590577D111}.Debug|Any CPU.Build.0 = Debug|Any CPU
		{6992F6DE-723D-4198-8848-B3590577D111}.Release|Any CPU.ActiveCfg = Release|Any CPU
		{6992F6DE-723D-4198-8848-B3590577D111}.Release|Any CPU.Build.0 = Release|Any CPU
		{6C016106-6C89-4E7A-9682-EEB1235BE5D2}.Debug|Any CPU.ActiveCfg = Debug|Any CPU
		{6C016106-6C89-4E7A-9682-EEB1235BE5D2}.Debug|Any CPU.Build.0 = Debug|Any CPU
		{6C016106-6C89-4E7A-9682-EEB1235BE5D2}.Release|Any CPU.ActiveCfg = Release|Any CPU
		{6C016106-6C89-4E7A-9682-EEB1235BE5D2}.Release|Any CPU.Build.0 = Release|Any CPU
		{B1F00410-3E57-443E-A931-77A7D46A9D31}.Debug|Any CPU.ActiveCfg = Debug|Any CPU
		{B1F00410-3E57-443E-A931-77A7D46A9D31}.Debug|Any CPU.Build.0 = Debug|Any CPU
		{B1F00410-3E57-443E-A931-77A7D46A9D31}.Release|Any CPU.ActiveCfg = Release|Any CPU
		{B1F00410-3E57-443E-A931-77A7D46A9D31}.Release|Any CPU.Build.0 = Release|Any CPU
		{D5D9C776-699F-46E1-B4BD-99EE6E342C8C}.Debug|Any CPU.ActiveCfg = Debug|Any CPU
		{D5D9C776-699F-46E1-B4BD-99EE6E342C8C}.Debug|Any CPU.Build.0 = Debug|Any CPU
		{D5D9C776-699F-46E1-B4BD-99EE6E342C8C}.Release|Any CPU.ActiveCfg = Release|Any CPU
		{D5D9C776-699F-46E1-B4BD-99EE6E342C8C}.Release|Any CPU.Build.0 = Release|Any CPU
		{49C5AFE8-3B0D-4289-AF09-EB5AAC1DB280}.Debug|Any CPU.ActiveCfg = Debug|Any CPU
		{49C5AFE8-3B0D-4289-AF09-EB5AAC1DB280}.Debug|Any CPU.Build.0 = Debug|Any CPU
		{49C5AFE8-3B0D-4289-AF09-EB5AAC1DB280}.Release|Any CPU.ActiveCfg = Release|Any CPU
		{49C5AFE8-3B0D-4289-AF09-EB5AAC1DB280}.Release|Any CPU.Build.0 = Release|Any CPU
		{FA5FE476-F184-4C05-ADDF-B750BC978FC6}.Debug|Any CPU.ActiveCfg = Debug|Any CPU
		{FA5FE476-F184-4C05-ADDF-B750BC978FC6}.Debug|Any CPU.Build.0 = Debug|Any CPU
		{FA5FE476-F184-4C05-ADDF-B750BC978FC6}.Release|Any CPU.ActiveCfg = Release|Any CPU
		{FA5FE476-F184-4C05-ADDF-B750BC978FC6}.Release|Any CPU.Build.0 = Release|Any CPU
		{B5FA12EB-1073-4A4C-821B-2B51330E47F2}.Debug|Any CPU.ActiveCfg = Debug|Any CPU
		{B5FA12EB-1073-4A4C-821B-2B51330E47F2}.Debug|Any CPU.Build.0 = Debug|Any CPU
		{B5FA12EB-1073-4A4C-821B-2B51330E47F2}.Release|Any CPU.ActiveCfg = Release|Any CPU
		{B5FA12EB-1073-4A4C-821B-2B51330E47F2}.Release|Any CPU.Build.0 = Release|Any CPU
		{9168F2C1-608A-474B-84A9-F4B79B6F6351}.Debug|Any CPU.ActiveCfg = Debug|Any CPU
		{9168F2C1-608A-474B-84A9-F4B79B6F6351}.Debug|Any CPU.Build.0 = Debug|Any CPU
		{9168F2C1-608A-474B-84A9-F4B79B6F6351}.Release|Any CPU.ActiveCfg = Release|Any CPU
		{9168F2C1-608A-474B-84A9-F4B79B6F6351}.Release|Any CPU.Build.0 = Release|Any CPU
		{C57A71C2-9BDD-4544-92F4-5B777C714201}.Debug|Any CPU.ActiveCfg = Debug|Any CPU
		{C57A71C2-9BDD-4544-92F4-5B777C714201}.Debug|Any CPU.Build.0 = Debug|Any CPU
		{C57A71C2-9BDD-4544-92F4-5B777C714201}.Release|Any CPU.ActiveCfg = Release|Any CPU
		{C57A71C2-9BDD-4544-92F4-5B777C714201}.Release|Any CPU.Build.0 = Release|Any CPU
		{048D6148-66E2-4F11-9558-FA1E927A36CA}.Debug|Any CPU.ActiveCfg = Debug|Any CPU
		{048D6148-66E2-4F11-9558-FA1E927A36CA}.Debug|Any CPU.Build.0 = Debug|Any CPU
		{048D6148-66E2-4F11-9558-FA1E927A36CA}.Release|Any CPU.ActiveCfg = Release|Any CPU
		{048D6148-66E2-4F11-9558-FA1E927A36CA}.Release|Any CPU.Build.0 = Release|Any CPU
		{A6CB84E8-B0D9-45DC-80AA-07B32FD9E473}.Debug|Any CPU.ActiveCfg = Debug|Any CPU
		{A6CB84E8-B0D9-45DC-80AA-07B32FD9E473}.Debug|Any CPU.Build.0 = Debug|Any CPU
		{A6CB84E8-B0D9-45DC-80AA-07B32FD9E473}.Release|Any CPU.ActiveCfg = Release|Any CPU
		{A6CB84E8-B0D9-45DC-80AA-07B32FD9E473}.Release|Any CPU.Build.0 = Release|Any CPU
		{837D33CE-FF0C-4BC3-B07E-F16055C1E36E}.Debug|Any CPU.ActiveCfg = Debug|Any CPU
		{837D33CE-FF0C-4BC3-B07E-F16055C1E36E}.Debug|Any CPU.Build.0 = Debug|Any CPU
		{837D33CE-FF0C-4BC3-B07E-F16055C1E36E}.Release|Any CPU.ActiveCfg = Release|Any CPU
		{837D33CE-FF0C-4BC3-B07E-F16055C1E36E}.Release|Any CPU.Build.0 = Release|Any CPU
		{0958A862-7B27-4C79-AAAB-EF5640512171}.Debug|Any CPU.ActiveCfg = Debug|Any CPU
		{0958A862-7B27-4C79-AAAB-EF5640512171}.Debug|Any CPU.Build.0 = Debug|Any CPU
		{0958A862-7B27-4C79-AAAB-EF5640512171}.Release|Any CPU.ActiveCfg = Release|Any CPU
		{0958A862-7B27-4C79-AAAB-EF5640512171}.Release|Any CPU.Build.0 = Release|Any CPU
		{9BEFD981-5159-462D-BDB1-20F9AF97CB01}.Debug|Any CPU.ActiveCfg = Debug|Any CPU
		{9BEFD981-5159-462D-BDB1-20F9AF97CB01}.Debug|Any CPU.Build.0 = Debug|Any CPU
		{9BEFD981-5159-462D-BDB1-20F9AF97CB01}.Release|Any CPU.ActiveCfg = Release|Any CPU
		{9BEFD981-5159-462D-BDB1-20F9AF97CB01}.Release|Any CPU.Build.0 = Release|Any CPU
		{7D3833F4-A345-4744-8A9D-C74EF85BEBF8}.Debug|Any CPU.ActiveCfg = Debug|Any CPU
		{7D3833F4-A345-4744-8A9D-C74EF85BEBF8}.Debug|Any CPU.Build.0 = Debug|Any CPU
		{7D3833F4-A345-4744-8A9D-C74EF85BEBF8}.Release|Any CPU.ActiveCfg = Release|Any CPU
		{7D3833F4-A345-4744-8A9D-C74EF85BEBF8}.Release|Any CPU.Build.0 = Release|Any CPU
		{BCC458C9-5D54-4E40-AECB-4F18B85ECB86}.Debug|Any CPU.ActiveCfg = Debug|Any CPU
		{BCC458C9-5D54-4E40-AECB-4F18B85ECB86}.Debug|Any CPU.Build.0 = Debug|Any CPU
		{BCC458C9-5D54-4E40-AECB-4F18B85ECB86}.Release|Any CPU.ActiveCfg = Release|Any CPU
		{BCC458C9-5D54-4E40-AECB-4F18B85ECB86}.Release|Any CPU.Build.0 = Release|Any CPU
	EndGlobalSection
	GlobalSection(SolutionProperties) = preSolution
		HideSolutionNode = FALSE
	EndGlobalSection
	GlobalSection(NestedProjects) = preSolution
		{A0456B6F-CE1E-48DC-BC27-A6E038988383} = {B58D0617-C18D-495F-9413-C67E9D31F98F}
		{535E896A-71FB-42A0-A79E-1225AED49489} = {B58D0617-C18D-495F-9413-C67E9D31F98F}
		{961A023E-E40E-4C62-8851-87E6388D7F35} = {B58D0617-C18D-495F-9413-C67E9D31F98F}
		{40BAE020-6862-4B12-989C-754055DE1561} = {B58D0617-C18D-495F-9413-C67E9D31F98F}
		{6992F6DE-723D-4198-8848-B3590577D111} = {237B2D09-EC8D-464B-B247-35404E82DC93}
		{6C016106-6C89-4E7A-9682-EEB1235BE5D2} = {237B2D09-EC8D-464B-B247-35404E82DC93}
		{B1F00410-3E57-443E-A931-77A7D46A9D31} = {237B2D09-EC8D-464B-B247-35404E82DC93}
		{D5D9C776-699F-46E1-B4BD-99EE6E342C8C} = {237B2D09-EC8D-464B-B247-35404E82DC93}
		{49C5AFE8-3B0D-4289-AF09-EB5AAC1DB280} = {237B2D09-EC8D-464B-B247-35404E82DC93}
		{FA5FE476-F184-4C05-ADDF-B750BC978FC6} = {237B2D09-EC8D-464B-B247-35404E82DC93}
		{EBFC8D9A-B364-46B6-8641-42834367B32C} = {237B2D09-EC8D-464B-B247-35404E82DC93}
		{B5FA12EB-1073-4A4C-821B-2B51330E47F2} = {B58D0617-C18D-495F-9413-C67E9D31F98F}
		{C7365BAE-86CA-486E-AF35-65B0D98931E3} = {237B2D09-EC8D-464B-B247-35404E82DC93}
		{9168F2C1-608A-474B-84A9-F4B79B6F6351} = {237B2D09-EC8D-464B-B247-35404E82DC93}
		{C57A71C2-9BDD-4544-92F4-5B777C714201} = {C7365BAE-86CA-486E-AF35-65B0D98931E3}
		{048D6148-66E2-4F11-9558-FA1E927A36CA} = {237B2D09-EC8D-464B-B247-35404E82DC93}
		{A6CB84E8-B0D9-45DC-80AA-07B32FD9E473} = {B58D0617-C18D-495F-9413-C67E9D31F98F}
		{837D33CE-FF0C-4BC3-B07E-F16055C1E36E} = {B58D0617-C18D-495F-9413-C67E9D31F98F}
		{0958A862-7B27-4C79-AAAB-EF5640512171} = {C7365BAE-86CA-486E-AF35-65B0D98931E3}
		{9BEFD981-5159-462D-BDB1-20F9AF97CB01} = {237B2D09-EC8D-464B-B247-35404E82DC93}
		{7D3833F4-A345-4744-8A9D-C74EF85BEBF8} = {B58D0617-C18D-495F-9413-C67E9D31F98F}
		{BCC458C9-5D54-4E40-AECB-4F18B85ECB86} = {EBFC8D9A-B364-46B6-8641-42834367B32C}
	EndGlobalSection
EndGlobal
